// !$*UTF8*$!
{
	archiveVersion = 1;
	classes = {
	};
	objectVersion = 56;
	objects = {

/* Begin PBXBuildFile section */
		3F0CCEF12B57D99400334BFB /* PromotionCell.swift in Sources */ = {isa = PBXBuildFile; fileRef = 3F0CCEF02B57D99400334BFB /* PromotionCell.swift */; };
		3F0CCEF32B57DB0F00334BFB /* OrderingCell.swift in Sources */ = {isa = PBXBuildFile; fileRef = 3F0CCEF22B57DB0F00334BFB /* OrderingCell.swift */; };
		3F0CCEF52B57EEC100334BFB /* HeaderCell.swift in Sources */ = {isa = PBXBuildFile; fileRef = 3F0CCEF42B57EEC100334BFB /* HeaderCell.swift */; };
		3F0CCEF72B57F2B000334BFB /* HeaderView.swift in Sources */ = {isa = PBXBuildFile; fileRef = 3F0CCEF62B57F2B000334BFB /* HeaderView.swift */; };
		3FEFEA4D2B569D1C00177CF0 /* AppDelegate.swift in Sources */ = {isa = PBXBuildFile; fileRef = 3FEFEA4C2B569D1C00177CF0 /* AppDelegate.swift */; };
		3FEFEA4F2B569D1C00177CF0 /* SceneDelegate.swift in Sources */ = {isa = PBXBuildFile; fileRef = 3FEFEA4E2B569D1C00177CF0 /* SceneDelegate.swift */; };
		3FEFEA512B569D1C00177CF0 /* TabBarController.swift in Sources */ = {isa = PBXBuildFile; fileRef = 3FEFEA502B569D1C00177CF0 /* TabBarController.swift */; };
		3FEFEA562B569D1E00177CF0 /* Assets.xcassets in Resources */ = {isa = PBXBuildFile; fileRef = 3FEFEA552B569D1E00177CF0 /* Assets.xcassets */; };
		3FEFEA592B569D1E00177CF0 /* LaunchScreen.storyboard in Resources */ = {isa = PBXBuildFile; fileRef = 3FEFEA572B569D1E00177CF0 /* LaunchScreen.storyboard */; };
		3FEFEA652B569E2800177CF0 /* Coordinator.swift in Sources */ = {isa = PBXBuildFile; fileRef = 3FEFEA642B569E2800177CF0 /* Coordinator.swift */; };
		3FEFEA672B569E4A00177CF0 /* App Coordinator.swift in Sources */ = {isa = PBXBuildFile; fileRef = 3FEFEA662B569E4A00177CF0 /* App Coordinator.swift */; };
		3FEFEA6A2B569EAF00177CF0 /* Factory.swift in Sources */ = {isa = PBXBuildFile; fileRef = 3FEFEA692B569EAF00177CF0 /* Factory.swift */; };
		3FEFEA6F2B56A2E200177CF0 /* + UIColor.swift in Sources */ = {isa = PBXBuildFile; fileRef = 3FEFEA6E2B56A2E200177CF0 /* + UIColor.swift */; };
		3FEFEA722B56A3B800177CF0 /* Resources.swift in Sources */ = {isa = PBXBuildFile; fileRef = 3FEFEA712B56A3B800177CF0 /* Resources.swift */; };
		3FEFEA752B56A70500177CF0 /* MenuController.swift in Sources */ = {isa = PBXBuildFile; fileRef = 3FEFEA742B56A70500177CF0 /* MenuController.swift */; };
		3FEFEA772B56B12A00177CF0 /* NavBarController.swift in Sources */ = {isa = PBXBuildFile; fileRef = 3FEFEA762B56B12A00177CF0 /* NavBarController.swift */; };
		3FEFEA792B56B2C200177CF0 /* BaseController.swift in Sources */ = {isa = PBXBuildFile; fileRef = 3FEFEA782B56B2C200177CF0 /* BaseController.swift */; };
		3FEFEA7B2B56B3DE00177CF0 /* ContactsController.swift in Sources */ = {isa = PBXBuildFile; fileRef = 3FEFEA7A2B56B3DE00177CF0 /* ContactsController.swift */; };
		3FEFEA7D2B56B3E700177CF0 /* ProfileController.swift in Sources */ = {isa = PBXBuildFile; fileRef = 3FEFEA7C2B56B3E700177CF0 /* ProfileController.swift */; };
		3FEFEA7F2B56B3ED00177CF0 /* BagController.swift in Sources */ = {isa = PBXBuildFile; fileRef = 3FEFEA7E2B56B3ED00177CF0 /* BagController.swift */; };
		3FEFEA812B56B51800177CF0 /* + UIFont.swift in Sources */ = {isa = PBXBuildFile; fileRef = 3FEFEA802B56B51800177CF0 /* + UIFont.swift */; };
		3FEFEA882B56B6AE00177CF0 /* sf-ui-display-bold-58646a511e3d9.otf in Resources */ = {isa = PBXBuildFile; fileRef = 3FEFEA832B56B6AE00177CF0 /* sf-ui-display-bold-58646a511e3d9.otf */; };
		3FEFEA892B56B6AE00177CF0 /* sf-ui-display-medium-58646be638f96.otf in Resources */ = {isa = PBXBuildFile; fileRef = 3FEFEA842B56B6AE00177CF0 /* sf-ui-display-medium-58646be638f96.otf */; };
		3FEFEA8A2B56B6AE00177CF0 /* sf-ui-display-semibold-58646eddcae92.otf in Resources */ = {isa = PBXBuildFile; fileRef = 3FEFEA852B56B6AE00177CF0 /* sf-ui-display-semibold-58646eddcae92.otf */; };
		3FEFEA8C2B56B6AE00177CF0 /* sf-ui-display-thin-58646e9b26e8b.otf in Resources */ = {isa = PBXBuildFile; fileRef = 3FEFEA872B56B6AE00177CF0 /* sf-ui-display-thin-58646e9b26e8b.otf */; };
		3FEFEA932B56C09F00177CF0 /* LocationButton.swift in Sources */ = {isa = PBXBuildFile; fileRef = 3FEFEA922B56C09F00177CF0 /* LocationButton.swift */; };
		3FEFEA952B56C7A500177CF0 /* + UIView.swift in Sources */ = {isa = PBXBuildFile; fileRef = 3FEFEA942B56C7A500177CF0 /* + UIView.swift */; };
/* End PBXBuildFile section */

/* Begin PBXFileReference section */
		3F0CCEF02B57D99400334BFB /* PromotionCell.swift */ = {isa = PBXFileReference; lastKnownFileType = sourcecode.swift; path = PromotionCell.swift; sourceTree = "<group>"; };
		3F0CCEF22B57DB0F00334BFB /* OrderingCell.swift */ = {isa = PBXFileReference; lastKnownFileType = sourcecode.swift; path = OrderingCell.swift; sourceTree = "<group>"; };
		3F0CCEF42B57EEC100334BFB /* HeaderCell.swift */ = {isa = PBXFileReference; lastKnownFileType = sourcecode.swift; path = HeaderCell.swift; sourceTree = "<group>"; };
		3F0CCEF62B57F2B000334BFB /* HeaderView.swift */ = {isa = PBXFileReference; lastKnownFileType = sourcecode.swift; path = HeaderView.swift; sourceTree = "<group>"; };
		3FEFEA492B569D1C00177CF0 /* PizzaOrderingApp.app */ = {isa = PBXFileReference; explicitFileType = wrapper.application; includeInIndex = 0; path = PizzaOrderingApp.app; sourceTree = BUILT_PRODUCTS_DIR; };
		3FEFEA4C2B569D1C00177CF0 /* AppDelegate.swift */ = {isa = PBXFileReference; lastKnownFileType = sourcecode.swift; path = AppDelegate.swift; sourceTree = "<group>"; };
		3FEFEA4E2B569D1C00177CF0 /* SceneDelegate.swift */ = {isa = PBXFileReference; lastKnownFileType = sourcecode.swift; path = SceneDelegate.swift; sourceTree = "<group>"; };
		3FEFEA502B569D1C00177CF0 /* TabBarController.swift */ = {isa = PBXFileReference; lastKnownFileType = sourcecode.swift; path = TabBarController.swift; sourceTree = "<group>"; };
		3FEFEA552B569D1E00177CF0 /* Assets.xcassets */ = {isa = PBXFileReference; lastKnownFileType = folder.assetcatalog; path = Assets.xcassets; sourceTree = "<group>"; };
		3FEFEA582B569D1E00177CF0 /* Base */ = {isa = PBXFileReference; lastKnownFileType = file.storyboard; name = Base; path = Base.lproj/LaunchScreen.storyboard; sourceTree = "<group>"; };
		3FEFEA5A2B569D1E00177CF0 /* Info.plist */ = {isa = PBXFileReference; lastKnownFileType = text.plist.xml; path = Info.plist; sourceTree = "<group>"; };
		3FEFEA642B569E2800177CF0 /* Coordinator.swift */ = {isa = PBXFileReference; lastKnownFileType = sourcecode.swift; path = Coordinator.swift; sourceTree = "<group>"; };
		3FEFEA662B569E4A00177CF0 /* App Coordinator.swift */ = {isa = PBXFileReference; lastKnownFileType = sourcecode.swift; path = "App Coordinator.swift"; sourceTree = "<group>"; };
		3FEFEA692B569EAF00177CF0 /* Factory.swift */ = {isa = PBXFileReference; lastKnownFileType = sourcecode.swift; path = Factory.swift; sourceTree = "<group>"; };
		3FEFEA6E2B56A2E200177CF0 /* + UIColor.swift */ = {isa = PBXFileReference; lastKnownFileType = sourcecode.swift; path = "+ UIColor.swift"; sourceTree = "<group>"; };
		3FEFEA712B56A3B800177CF0 /* Resources.swift */ = {isa = PBXFileReference; lastKnownFileType = sourcecode.swift; path = Resources.swift; sourceTree = "<group>"; };
		3FEFEA742B56A70500177CF0 /* MenuController.swift */ = {isa = PBXFileReference; lastKnownFileType = sourcecode.swift; path = MenuController.swift; sourceTree = "<group>"; };
		3FEFEA762B56B12A00177CF0 /* NavBarController.swift */ = {isa = PBXFileReference; lastKnownFileType = sourcecode.swift; path = NavBarController.swift; sourceTree = "<group>"; };
		3FEFEA782B56B2C200177CF0 /* BaseController.swift */ = {isa = PBXFileReference; lastKnownFileType = sourcecode.swift; path = BaseController.swift; sourceTree = "<group>"; };
		3FEFEA7A2B56B3DE00177CF0 /* ContactsController.swift */ = {isa = PBXFileReference; lastKnownFileType = sourcecode.swift; path = ContactsController.swift; sourceTree = "<group>"; };
		3FEFEA7C2B56B3E700177CF0 /* ProfileController.swift */ = {isa = PBXFileReference; lastKnownFileType = sourcecode.swift; path = ProfileController.swift; sourceTree = "<group>"; };
		3FEFEA7E2B56B3ED00177CF0 /* BagController.swift */ = {isa = PBXFileReference; lastKnownFileType = sourcecode.swift; path = BagController.swift; sourceTree = "<group>"; };
		3FEFEA802B56B51800177CF0 /* + UIFont.swift */ = {isa = PBXFileReference; lastKnownFileType = sourcecode.swift; path = "+ UIFont.swift"; sourceTree = "<group>"; };
		3FEFEA832B56B6AE00177CF0 /* sf-ui-display-bold-58646a511e3d9.otf */ = {isa = PBXFileReference; lastKnownFileType = file; path = "sf-ui-display-bold-58646a511e3d9.otf"; sourceTree = "<group>"; };
		3FEFEA842B56B6AE00177CF0 /* sf-ui-display-medium-58646be638f96.otf */ = {isa = PBXFileReference; lastKnownFileType = file; path = "sf-ui-display-medium-58646be638f96.otf"; sourceTree = "<group>"; };
		3FEFEA852B56B6AE00177CF0 /* sf-ui-display-semibold-58646eddcae92.otf */ = {isa = PBXFileReference; lastKnownFileType = file; path = "sf-ui-display-semibold-58646eddcae92.otf"; sourceTree = "<group>"; };
		3FEFEA872B56B6AE00177CF0 /* sf-ui-display-thin-58646e9b26e8b.otf */ = {isa = PBXFileReference; lastKnownFileType = file; path = "sf-ui-display-thin-58646e9b26e8b.otf"; sourceTree = "<group>"; };
		3FEFEA922B56C09F00177CF0 /* LocationButton.swift */ = {isa = PBXFileReference; lastKnownFileType = sourcecode.swift; path = LocationButton.swift; sourceTree = "<group>"; };
		3FEFEA942B56C7A500177CF0 /* + UIView.swift */ = {isa = PBXFileReference; lastKnownFileType = sourcecode.swift; path = "+ UIView.swift"; sourceTree = "<group>"; };
/* End PBXFileReference section */

/* Begin PBXFrameworksBuildPhase section */
		3FEFEA462B569D1C00177CF0 /* Frameworks */ = {
			isa = PBXFrameworksBuildPhase;
			buildActionMask = 2147483647;
			files = (
			);
			runOnlyForDeploymentPostprocessing = 0;
		};
/* End PBXFrameworksBuildPhase section */

/* Begin PBXGroup section */
		3F0CCEEF2B57D98A00334BFB /* Cells */ = {
			isa = PBXGroup;
			children = (
				3F0CCEF02B57D99400334BFB /* PromotionCell.swift */,
				3F0CCEF22B57DB0F00334BFB /* OrderingCell.swift */,
				3F0CCEF42B57EEC100334BFB /* HeaderCell.swift */,
				3F0CCEF62B57F2B000334BFB /* HeaderView.swift */,
			);
			path = Cells;
			sourceTree = "<group>";
		};
		3FEFEA402B569D1C00177CF0 = {
			isa = PBXGroup;
			children = (
				3FEFEA4B2B569D1C00177CF0 /* PizzaOrderingApp */,
				3FEFEA4A2B569D1C00177CF0 /* Products */,
			);
			sourceTree = "<group>";
		};
		3FEFEA4A2B569D1C00177CF0 /* Products */ = {
			isa = PBXGroup;
			children = (
				3FEFEA492B569D1C00177CF0 /* PizzaOrderingApp.app */,
			);
			name = Products;
			sourceTree = "<group>";
		};
		3FEFEA4B2B569D1C00177CF0 /* PizzaOrderingApp */ = {
			isa = PBXGroup;
			children = (
				3FEFEA612B569D3400177CF0 /* Sources */,
				3FEFEA622B569D4600177CF0 /* Resources */,
			);
			path = PizzaOrderingApp;
			sourceTree = "<group>";
		};
		3FEFEA602B569D2D00177CF0 /* App */ = {
			isa = PBXGroup;
			children = (
				3FEFEA4C2B569D1C00177CF0 /* AppDelegate.swift */,
				3FEFEA4E2B569D1C00177CF0 /* SceneDelegate.swift */,
			);
			path = App;
			sourceTree = "<group>";
		};
		3FEFEA612B569D3400177CF0 /* Sources */ = {
			isa = PBXGroup;
			children = (
				3FEFEA6D2B56A2D900177CF0 /* extensions */,
				3FEFEA682B569EA200177CF0 /* Factory */,
				3FEFEA632B569DDC00177CF0 /* Coordinator */,
				3FEFEA6B2B56A0D200177CF0 /* Controllers */,
				3FEFEA602B569D2D00177CF0 /* App */,
				3FEFEA732B56A3BD00177CF0 /* Resources */,
			);
			path = Sources;
			sourceTree = "<group>";
		};
		3FEFEA622B569D4600177CF0 /* Resources */ = {
			isa = PBXGroup;
			children = (
				3FEFEA822B56B65400177CF0 /* Fonts */,
				3FEFEA552B569D1E00177CF0 /* Assets.xcassets */,
				3FEFEA572B569D1E00177CF0 /* LaunchScreen.storyboard */,
				3FEFEA5A2B569D1E00177CF0 /* Info.plist */,
			);
			path = Resources;
			sourceTree = "<group>";
		};
		3FEFEA632B569DDC00177CF0 /* Coordinator */ = {
			isa = PBXGroup;
			children = (
				3FEFEA642B569E2800177CF0 /* Coordinator.swift */,
				3FEFEA662B569E4A00177CF0 /* App Coordinator.swift */,
			);
			path = Coordinator;
			sourceTree = "<group>";
		};
		3FEFEA682B569EA200177CF0 /* Factory */ = {
			isa = PBXGroup;
			children = (
				3FEFEA692B569EAF00177CF0 /* Factory.swift */,
			);
			path = Factory;
			sourceTree = "<group>";
		};
		3FEFEA6B2B56A0D200177CF0 /* Controllers */ = {
			isa = PBXGroup;
			children = (
				3FEFEA6C2B56A0D800177CF0 /* Base */,
				3FEFEA8D2B56BB1000177CF0 /* Menu */,
				3FEFEA8E2B56BB1400177CF0 /* Contacts */,
				3FEFEA8F2B56BB1D00177CF0 /* Profile */,
				3FEFEA902B56BB2100177CF0 /* Bag */,
			);
			path = Controllers;
			sourceTree = "<group>";
		};
		3FEFEA6C2B56A0D800177CF0 /* Base */ = {
			isa = PBXGroup;
			children = (
				3FEFEA502B569D1C00177CF0 /* TabBarController.swift */,
				3FEFEA762B56B12A00177CF0 /* NavBarController.swift */,
				3FEFEA782B56B2C200177CF0 /* BaseController.swift */,
			);
			path = Base;
			sourceTree = "<group>";
		};
		3FEFEA6D2B56A2D900177CF0 /* extensions */ = {
			isa = PBXGroup;
			children = (
				3FEFEA6E2B56A2E200177CF0 /* + UIColor.swift */,
				3FEFEA802B56B51800177CF0 /* + UIFont.swift */,
				3FEFEA942B56C7A500177CF0 /* + UIView.swift */,
			);
			path = extensions;
			sourceTree = "<group>";
		};
		3FEFEA732B56A3BD00177CF0 /* Resources */ = {
			isa = PBXGroup;
			children = (
				3FEFEA712B56A3B800177CF0 /* Resources.swift */,
			);
			path = Resources;
			sourceTree = "<group>";
		};
		3FEFEA822B56B65400177CF0 /* Fonts */ = {
			isa = PBXGroup;
			children = (
				3FEFEA832B56B6AE00177CF0 /* sf-ui-display-bold-58646a511e3d9.otf */,
				3FEFEA842B56B6AE00177CF0 /* sf-ui-display-medium-58646be638f96.otf */,
				3FEFEA852B56B6AE00177CF0 /* sf-ui-display-semibold-58646eddcae92.otf */,
				3FEFEA872B56B6AE00177CF0 /* sf-ui-display-thin-58646e9b26e8b.otf */,
			);
			path = Fonts;
			sourceTree = "<group>";
		};
		3FEFEA8D2B56BB1000177CF0 /* Menu */ = {
			isa = PBXGroup;
			children = (
				3F0CCEEF2B57D98A00334BFB /* Cells */,
				3FEFEA912B56C08F00177CF0 /* Views */,
				3FEFEA742B56A70500177CF0 /* MenuController.swift */,
			);
			path = Menu;
			sourceTree = "<group>";
		};
		3FEFEA8E2B56BB1400177CF0 /* Contacts */ = {
			isa = PBXGroup;
			children = (
				3FEFEA7A2B56B3DE00177CF0 /* ContactsController.swift */,
			);
			path = Contacts;
			sourceTree = "<group>";
		};
		3FEFEA8F2B56BB1D00177CF0 /* Profile */ = {
			isa = PBXGroup;
			children = (
				3FEFEA7C2B56B3E700177CF0 /* ProfileController.swift */,
			);
			path = Profile;
			sourceTree = "<group>";
		};
		3FEFEA902B56BB2100177CF0 /* Bag */ = {
			isa = PBXGroup;
			children = (
				3FEFEA7E2B56B3ED00177CF0 /* BagController.swift */,
			);
			path = Bag;
			sourceTree = "<group>";
		};
		3FEFEA912B56C08F00177CF0 /* Views */ = {
			isa = PBXGroup;
			children = (
				3FEFEA922B56C09F00177CF0 /* LocationButton.swift */,
			);
			path = Views;
			sourceTree = "<group>";
		};
/* End PBXGroup section */

/* Begin PBXNativeTarget section */
		3FEFEA482B569D1C00177CF0 /* PizzaOrderingApp */ = {
			isa = PBXNativeTarget;
			buildConfigurationList = 3FEFEA5D2B569D1E00177CF0 /* Build configuration list for PBXNativeTarget "PizzaOrderingApp" */;
			buildPhases = (
				3FEFEA452B569D1C00177CF0 /* Sources */,
				3FEFEA462B569D1C00177CF0 /* Frameworks */,
				3FEFEA472B569D1C00177CF0 /* Resources */,
			);
			buildRules = (
			);
			dependencies = (
			);
			name = PizzaOrderingApp;
			productName = PizzaOrderingApp;
			productReference = 3FEFEA492B569D1C00177CF0 /* PizzaOrderingApp.app */;
			productType = "com.apple.product-type.application";
		};
/* End PBXNativeTarget section */

/* Begin PBXProject section */
		3FEFEA412B569D1C00177CF0 /* Project object */ = {
			isa = PBXProject;
			attributes = {
				BuildIndependentTargetsInParallel = 1;
				LastSwiftUpdateCheck = 1500;
				LastUpgradeCheck = 1500;
				TargetAttributes = {
					3FEFEA482B569D1C00177CF0 = {
						CreatedOnToolsVersion = 15.0.1;
					};
				};
			};
			buildConfigurationList = 3FEFEA442B569D1C00177CF0 /* Build configuration list for PBXProject "PizzaOrderingApp" */;
			compatibilityVersion = "Xcode 14.0";
			developmentRegion = en;
			hasScannedForEncodings = 0;
			knownRegions = (
				en,
				Base,
			);
			mainGroup = 3FEFEA402B569D1C00177CF0;
			productRefGroup = 3FEFEA4A2B569D1C00177CF0 /* Products */;
			projectDirPath = "";
			projectRoot = "";
			targets = (
				3FEFEA482B569D1C00177CF0 /* PizzaOrderingApp */,
			);
		};
/* End PBXProject section */

/* Begin PBXResourcesBuildPhase section */
		3FEFEA472B569D1C00177CF0 /* Resources */ = {
			isa = PBXResourcesBuildPhase;
			buildActionMask = 2147483647;
			files = (
				3FEFEA8C2B56B6AE00177CF0 /* sf-ui-display-thin-58646e9b26e8b.otf in Resources */,
				3FEFEA592B569D1E00177CF0 /* LaunchScreen.storyboard in Resources */,
				3FEFEA892B56B6AE00177CF0 /* sf-ui-display-medium-58646be638f96.otf in Resources */,
				3FEFEA8A2B56B6AE00177CF0 /* sf-ui-display-semibold-58646eddcae92.otf in Resources */,
				3FEFEA562B569D1E00177CF0 /* Assets.xcassets in Resources */,
				3FEFEA882B56B6AE00177CF0 /* sf-ui-display-bold-58646a511e3d9.otf in Resources */,
			);
			runOnlyForDeploymentPostprocessing = 0;
		};
/* End PBXResourcesBuildPhase section */

/* Begin PBXSourcesBuildPhase section */
		3FEFEA452B569D1C00177CF0 /* Sources */ = {
			isa = PBXSourcesBuildPhase;
			buildActionMask = 2147483647;
			files = (
				3FEFEA652B569E2800177CF0 /* Coordinator.swift in Sources */,
				3FEFEA752B56A70500177CF0 /* MenuController.swift in Sources */,
				3FEFEA6F2B56A2E200177CF0 /* + UIColor.swift in Sources */,
				3FEFEA772B56B12A00177CF0 /* NavBarController.swift in Sources */,
				3FEFEA932B56C09F00177CF0 /* LocationButton.swift in Sources */,
				3FEFEA672B569E4A00177CF0 /* App Coordinator.swift in Sources */,
				3FEFEA7D2B56B3E700177CF0 /* ProfileController.swift in Sources */,
				3FEFEA812B56B51800177CF0 /* + UIFont.swift in Sources */,
				3FEFEA952B56C7A500177CF0 /* + UIView.swift in Sources */,
				3FEFEA7F2B56B3ED00177CF0 /* BagController.swift in Sources */,
				3FEFEA6A2B569EAF00177CF0 /* Factory.swift in Sources */,
				3FEFEA512B569D1C00177CF0 /* TabBarController.swift in Sources */,
				3F0CCEF32B57DB0F00334BFB /* OrderingCell.swift in Sources */,
				3F0CCEF72B57F2B000334BFB /* HeaderView.swift in Sources */,
				3FEFEA4D2B569D1C00177CF0 /* AppDelegate.swift in Sources */,
				3FEFEA4F2B569D1C00177CF0 /* SceneDelegate.swift in Sources */,
				3FEFEA792B56B2C200177CF0 /* BaseController.swift in Sources */,
				3F0CCEF52B57EEC100334BFB /* HeaderCell.swift in Sources */,
				3F0CCEF12B57D99400334BFB /* PromotionCell.swift in Sources */,
				3FEFEA7B2B56B3DE00177CF0 /* ContactsController.swift in Sources */,
				3FEFEA722B56A3B800177CF0 /* Resources.swift in Sources */,
			);
			runOnlyForDeploymentPostprocessing = 0;
		};
/* End PBXSourcesBuildPhase section */

/* Begin PBXVariantGroup section */
		3FEFEA572B569D1E00177CF0 /* LaunchScreen.storyboard */ = {
			isa = PBXVariantGroup;
			children = (
				3FEFEA582B569D1E00177CF0 /* Base */,
			);
			name = LaunchScreen.storyboard;
			sourceTree = "<group>";
		};
/* End PBXVariantGroup section */

/* Begin XCBuildConfiguration section */
		3FEFEA5B2B569D1E00177CF0 /* Debug */ = {
			isa = XCBuildConfiguration;
			buildSettings = {
				ALWAYS_SEARCH_USER_PATHS = NO;
				ASSETCATALOG_COMPILER_GENERATE_SWIFT_ASSET_SYMBOL_EXTENSIONS = YES;
				CLANG_ANALYZER_NONNULL = YES;
				CLANG_ANALYZER_NUMBER_OBJECT_CONVERSION = YES_AGGRESSIVE;
				CLANG_CXX_LANGUAGE_STANDARD = "gnu++20";
				CLANG_ENABLE_MODULES = YES;
				CLANG_ENABLE_OBJC_ARC = YES;
				CLANG_ENABLE_OBJC_WEAK = YES;
				CLANG_WARN_BLOCK_CAPTURE_AUTORELEASING = YES;
				CLANG_WARN_BOOL_CONVERSION = YES;
				CLANG_WARN_COMMA = YES;
				CLANG_WARN_CONSTANT_CONVERSION = YES;
				CLANG_WARN_DEPRECATED_OBJC_IMPLEMENTATIONS = YES;
				CLANG_WARN_DIRECT_OBJC_ISA_USAGE = YES_ERROR;
				CLANG_WARN_DOCUMENTATION_COMMENTS = YES;
				CLANG_WARN_EMPTY_BODY = YES;
				CLANG_WARN_ENUM_CONVERSION = YES;
				CLANG_WARN_INFINITE_RECURSION = YES;
				CLANG_WARN_INT_CONVERSION = YES;
				CLANG_WARN_NON_LITERAL_NULL_CONVERSION = YES;
				CLANG_WARN_OBJC_IMPLICIT_RETAIN_SELF = YES;
				CLANG_WARN_OBJC_LITERAL_CONVERSION = YES;
				CLANG_WARN_OBJC_ROOT_CLASS = YES_ERROR;
				CLANG_WARN_QUOTED_INCLUDE_IN_FRAMEWORK_HEADER = YES;
				CLANG_WARN_RANGE_LOOP_ANALYSIS = YES;
				CLANG_WARN_STRICT_PROTOTYPES = YES;
				CLANG_WARN_SUSPICIOUS_MOVE = YES;
				CLANG_WARN_UNGUARDED_AVAILABILITY = YES_AGGRESSIVE;
				CLANG_WARN_UNREACHABLE_CODE = YES;
				CLANG_WARN__DUPLICATE_METHOD_MATCH = YES;
				COPY_PHASE_STRIP = NO;
				DEBUG_INFORMATION_FORMAT = dwarf;
				ENABLE_STRICT_OBJC_MSGSEND = YES;
				ENABLE_TESTABILITY = YES;
				ENABLE_USER_SCRIPT_SANDBOXING = YES;
				GCC_C_LANGUAGE_STANDARD = gnu17;
				GCC_DYNAMIC_NO_PIC = NO;
				GCC_NO_COMMON_BLOCKS = YES;
				GCC_OPTIMIZATION_LEVEL = 0;
				GCC_PREPROCESSOR_DEFINITIONS = (
					"DEBUG=1",
					"$(inherited)",
				);
				GCC_WARN_64_TO_32_BIT_CONVERSION = YES;
				GCC_WARN_ABOUT_RETURN_TYPE = YES_ERROR;
				GCC_WARN_UNDECLARED_SELECTOR = YES;
				GCC_WARN_UNINITIALIZED_AUTOS = YES_AGGRESSIVE;
				GCC_WARN_UNUSED_FUNCTION = YES;
				GCC_WARN_UNUSED_VARIABLE = YES;
				IPHONEOS_DEPLOYMENT_TARGET = 17.0;
				LOCALIZATION_PREFERS_STRING_CATALOGS = YES;
				MTL_ENABLE_DEBUG_INFO = INCLUDE_SOURCE;
				MTL_FAST_MATH = YES;
				ONLY_ACTIVE_ARCH = YES;
				SDKROOT = iphoneos;
				SWIFT_ACTIVE_COMPILATION_CONDITIONS = "DEBUG $(inherited)";
				SWIFT_OPTIMIZATION_LEVEL = "-Onone";
			};
			name = Debug;
		};
		3FEFEA5C2B569D1E00177CF0 /* Release */ = {
			isa = XCBuildConfiguration;
			buildSettings = {
				ALWAYS_SEARCH_USER_PATHS = NO;
				ASSETCATALOG_COMPILER_GENERATE_SWIFT_ASSET_SYMBOL_EXTENSIONS = YES;
				CLANG_ANALYZER_NONNULL = YES;
				CLANG_ANALYZER_NUMBER_OBJECT_CONVERSION = YES_AGGRESSIVE;
				CLANG_CXX_LANGUAGE_STANDARD = "gnu++20";
				CLANG_ENABLE_MODULES = YES;
				CLANG_ENABLE_OBJC_ARC = YES;
				CLANG_ENABLE_OBJC_WEAK = YES;
				CLANG_WARN_BLOCK_CAPTURE_AUTORELEASING = YES;
				CLANG_WARN_BOOL_CONVERSION = YES;
				CLANG_WARN_COMMA = YES;
				CLANG_WARN_CONSTANT_CONVERSION = YES;
				CLANG_WARN_DEPRECATED_OBJC_IMPLEMENTATIONS = YES;
				CLANG_WARN_DIRECT_OBJC_ISA_USAGE = YES_ERROR;
				CLANG_WARN_DOCUMENTATION_COMMENTS = YES;
				CLANG_WARN_EMPTY_BODY = YES;
				CLANG_WARN_ENUM_CONVERSION = YES;
				CLANG_WARN_INFINITE_RECURSION = YES;
				CLANG_WARN_INT_CONVERSION = YES;
				CLANG_WARN_NON_LITERAL_NULL_CONVERSION = YES;
				CLANG_WARN_OBJC_IMPLICIT_RETAIN_SELF = YES;
				CLANG_WARN_OBJC_LITERAL_CONVERSION = YES;
				CLANG_WARN_OBJC_ROOT_CLASS = YES_ERROR;
				CLANG_WARN_QUOTED_INCLUDE_IN_FRAMEWORK_HEADER = YES;
				CLANG_WARN_RANGE_LOOP_ANALYSIS = YES;
				CLANG_WARN_STRICT_PROTOTYPES = YES;
				CLANG_WARN_SUSPICIOUS_MOVE = YES;
				CLANG_WARN_UNGUARDED_AVAILABILITY = YES_AGGRESSIVE;
				CLANG_WARN_UNREACHABLE_CODE = YES;
				CLANG_WARN__DUPLICATE_METHOD_MATCH = YES;
				COPY_PHASE_STRIP = NO;
				DEBUG_INFORMATION_FORMAT = "dwarf-with-dsym";
				ENABLE_NS_ASSERTIONS = NO;
				ENABLE_STRICT_OBJC_MSGSEND = YES;
				ENABLE_USER_SCRIPT_SANDBOXING = YES;
				GCC_C_LANGUAGE_STANDARD = gnu17;
				GCC_NO_COMMON_BLOCKS = YES;
				GCC_WARN_64_TO_32_BIT_CONVERSION = YES;
				GCC_WARN_ABOUT_RETURN_TYPE = YES_ERROR;
				GCC_WARN_UNDECLARED_SELECTOR = YES;
				GCC_WARN_UNINITIALIZED_AUTOS = YES_AGGRESSIVE;
				GCC_WARN_UNUSED_FUNCTION = YES;
				GCC_WARN_UNUSED_VARIABLE = YES;
				IPHONEOS_DEPLOYMENT_TARGET = 17.0;
				LOCALIZATION_PREFERS_STRING_CATALOGS = YES;
				MTL_ENABLE_DEBUG_INFO = NO;
				MTL_FAST_MATH = YES;
				SDKROOT = iphoneos;
				SWIFT_COMPILATION_MODE = wholemodule;
				VALIDATE_PRODUCT = YES;
			};
			name = Release;
		};
		3FEFEA5E2B569D1E00177CF0 /* Debug */ = {
			isa = XCBuildConfiguration;
			buildSettings = {
				ASSETCATALOG_COMPILER_APPICON_NAME = AppIcon;
				ASSETCATALOG_COMPILER_GLOBAL_ACCENT_COLOR_NAME = AccentColor;
				CODE_SIGN_STYLE = Automatic;
				CURRENT_PROJECT_VERSION = 1;
				DEVELOPMENT_TEAM = X5W2D75BZ8;
				GENERATE_INFOPLIST_FILE = YES;
				INFOPLIST_FILE = PizzaOrderingApp/Resources/Info.plist;
				INFOPLIST_KEY_UIApplicationSupportsIndirectInputEvents = YES;
				INFOPLIST_KEY_UILaunchStoryboardName = LaunchScreen;
				INFOPLIST_KEY_UISupportedInterfaceOrientations_iPad = "UIInterfaceOrientationPortrait UIInterfaceOrientationPortraitUpsideDown UIInterfaceOrientationLandscapeLeft UIInterfaceOrientationLandscapeRight";
				INFOPLIST_KEY_UISupportedInterfaceOrientations_iPhone = "UIInterfaceOrientationPortrait UIInterfaceOrientationLandscapeLeft UIInterfaceOrientationLandscapeRight";
				LD_RUNPATH_SEARCH_PATHS = (
					"$(inherited)",
					"@executable_path/Frameworks",
				);
				MARKETING_VERSION = 1.0;
				PRODUCT_BUNDLE_IDENTIFIER = com.ya.PizzaOrderingApp;
				PRODUCT_NAME = "$(TARGET_NAME)";
				SWIFT_EMIT_LOC_STRINGS = YES;
				SWIFT_VERSION = 5.0;
				TARGETED_DEVICE_FAMILY = "1,2";
			};
			name = Debug;
		};
		3FEFEA5F2B569D1E00177CF0 /* Release */ = {
			isa = XCBuildConfiguration;
			buildSettings = {
				ASSETCATALOG_COMPILER_APPICON_NAME = AppIcon;
				ASSETCATALOG_COMPILER_GLOBAL_ACCENT_COLOR_NAME = AccentColor;
				CODE_SIGN_STYLE = Automatic;
				CURRENT_PROJECT_VERSION = 1;
				DEVELOPMENT_TEAM = X5W2D75BZ8;
				GENERATE_INFOPLIST_FILE = YES;
				INFOPLIST_FILE = PizzaOrderingApp/Resources/Info.plist;
				INFOPLIST_KEY_UIApplicationSupportsIndirectInputEvents = YES;
				INFOPLIST_KEY_UILaunchStoryboardName = LaunchScreen;
				INFOPLIST_KEY_UISupportedInterfaceOrientations_iPad = "UIInterfaceOrientationPortrait UIInterfaceOrientationPortraitUpsideDown UIInterfaceOrientationLandscapeLeft UIInterfaceOrientationLandscapeRight";
				INFOPLIST_KEY_UISupportedInterfaceOrientations_iPhone = "UIInterfaceOrientationPortrait UIInterfaceOrientationLandscapeLeft UIInterfaceOrientationLandscapeRight";
				LD_RUNPATH_SEARCH_PATHS = (
					"$(inherited)",
					"@executable_path/Frameworks",
				);
				MARKETING_VERSION = 1.0;
				PRODUCT_BUNDLE_IDENTIFIER = com.ya.PizzaOrderingApp;
				PRODUCT_NAME = "$(TARGET_NAME)";
				SWIFT_EMIT_LOC_STRINGS = YES;
				SWIFT_VERSION = 5.0;
				TARGETED_DEVICE_FAMILY = "1,2";
			};
			name = Release;
		};
/* End XCBuildConfiguration section */

/* Begin XCConfigurationList section */
		3FEFEA442B569D1C00177CF0 /* Build configuration list for PBXProject "PizzaOrderingApp" */ = {
			isa = XCConfigurationList;
			buildConfigurations = (
				3FEFEA5B2B569D1E00177CF0 /* Debug */,
				3FEFEA5C2B569D1E00177CF0 /* Release */,
			);
			defaultConfigurationIsVisible = 0;
			defaultConfigurationName = Release;
		};
		3FEFEA5D2B569D1E00177CF0 /* Build configuration list for PBXNativeTarget "PizzaOrderingApp" */ = {
			isa = XCConfigurationList;
			buildConfigurations = (
				3FEFEA5E2B569D1E00177CF0 /* Debug */,
				3FEFEA5F2B569D1E00177CF0 /* Release */,
			);
			defaultConfigurationIsVisible = 0;
			defaultConfigurationName = Release;
		};
/* End XCConfigurationList section */
	};
	rootObject = 3FEFEA412B569D1C00177CF0 /* Project object */;
}
